// !$*UTF8*$!
{
	archiveVersion = 1;
	classes = {
	};
	objectVersion = 46;
	objects = {

/* Begin PBXBuildFile section */
		B3D62A2218F7D7E50077BAB3 /* BBInputBarButton.m in Sources */ = {isa = PBXBuildFile; fileRef = B3D62A2118F7D7E50077BAB3 /* BBInputBarButton.m */; };
		B3E308FE18F935270086CB11 /* KeyboardButtonImages.xcassets in Resources */ = {isa = PBXBuildFile; fileRef = B3E308FD18F935270086CB11 /* KeyboardButtonImages.xcassets */; };
		B3F71AB518F5591400F81BD2 /* Foundation.framework in Frameworks */ = {isa = PBXBuildFile; fileRef = B3F71AB418F5591400F81BD2 /* Foundation.framework */; };
		B3F71AB718F5591400F81BD2 /* CoreGraphics.framework in Frameworks */ = {isa = PBXBuildFile; fileRef = B3F71AB618F5591400F81BD2 /* CoreGraphics.framework */; };
		B3F71AB918F5591400F81BD2 /* UIKit.framework in Frameworks */ = {isa = PBXBuildFile; fileRef = B3F71AB818F5591400F81BD2 /* UIKit.framework */; };
		B3F71ABF18F5591400F81BD2 /* InfoPlist.strings in Resources */ = {isa = PBXBuildFile; fileRef = B3F71ABD18F5591400F81BD2 /* InfoPlist.strings */; };
		B3F71AC118F5591400F81BD2 /* main.m in Sources */ = {isa = PBXBuildFile; fileRef = B3F71AC018F5591400F81BD2 /* main.m */; };
		B3F71AC518F5591400F81BD2 /* BBAppDelegate.m in Sources */ = {isa = PBXBuildFile; fileRef = B3F71AC418F5591400F81BD2 /* BBAppDelegate.m */; };
		B3F71AC818F5591400F81BD2 /* Main_iPhone.storyboard in Resources */ = {isa = PBXBuildFile; fileRef = B3F71AC618F5591400F81BD2 /* Main_iPhone.storyboard */; };
		B3F71ACB18F5591400F81BD2 /* Main_iPad.storyboard in Resources */ = {isa = PBXBuildFile; fileRef = B3F71AC918F5591400F81BD2 /* Main_iPad.storyboard */; };
		B3F71ACE18F5591400F81BD2 /* BBViewController.m in Sources */ = {isa = PBXBuildFile; fileRef = B3F71ACD18F5591400F81BD2 /* BBViewController.m */; };
		B3F71AD018F5591400F81BD2 /* Images.xcassets in Resources */ = {isa = PBXBuildFile; fileRef = B3F71ACF18F5591400F81BD2 /* Images.xcassets */; };
		B3F71AD718F5591500F81BD2 /* XCTest.framework in Frameworks */ = {isa = PBXBuildFile; fileRef = B3F71AD618F5591500F81BD2 /* XCTest.framework */; };
		B3F71AD818F5591500F81BD2 /* Foundation.framework in Frameworks */ = {isa = PBXBuildFile; fileRef = B3F71AB418F5591400F81BD2 /* Foundation.framework */; };
		B3F71AD918F5591500F81BD2 /* UIKit.framework in Frameworks */ = {isa = PBXBuildFile; fileRef = B3F71AB818F5591400F81BD2 /* UIKit.framework */; };
		B3F71AE118F5591500F81BD2 /* InfoPlist.strings in Resources */ = {isa = PBXBuildFile; fileRef = B3F71ADF18F5591500F81BD2 /* InfoPlist.strings */; };
		B3F71AE318F5591500F81BD2 /* BBInputBarTests.m in Sources */ = {isa = PBXBuildFile; fileRef = B3F71AE218F5591500F81BD2 /* BBInputBarTests.m */; };
		B3F71AEF18F55ACE00F81BD2 /* BBInputBar.m in Sources */ = {isa = PBXBuildFile; fileRef = B3F71AEE18F55ACE00F81BD2 /* BBInputBar.m */; };
		B3FC8C8519112ADC009821B5 /* test.png in Resources */ = {isa = PBXBuildFile; fileRef = B3FC8C8419112ADC009821B5 /* test.png */; };
/* End PBXBuildFile section */

/* Begin PBXContainerItemProxy section */
		B3F71ADA18F5591500F81BD2 /* PBXContainerItemProxy */ = {
			isa = PBXContainerItemProxy;
			containerPortal = B3F71AA918F5591400F81BD2 /* Project object */;
			proxyType = 1;
			remoteGlobalIDString = B3F71AB018F5591400F81BD2;
			remoteInfo = BBInputBar;
		};
/* End PBXContainerItemProxy section */

/* Begin PBXFileReference section */
		B3D62A2018F7D7E50077BAB3 /* BBInputBarButton.h */ = {isa = PBXFileReference; fileEncoding = 4; lastKnownFileType = sourcecode.c.h; path = BBInputBarButton.h; sourceTree = "<group>"; };
		B3D62A2118F7D7E50077BAB3 /* BBInputBarButton.m */ = {isa = PBXFileReference; fileEncoding = 4; lastKnownFileType = sourcecode.c.objc; path = BBInputBarButton.m; sourceTree = "<group>"; };
		B3E308FD18F935270086CB11 /* KeyboardButtonImages.xcassets */ = {isa = PBXFileReference; lastKnownFileType = folder.assetcatalog; path = KeyboardButtonImages.xcassets; sourceTree = "<group>"; };
		B3F71AB118F5591400F81BD2 /* BBInputBar.app */ = {isa = PBXFileReference; explicitFileType = wrapper.application; includeInIndex = 0; path = BBInputBar.app; sourceTree = BUILT_PRODUCTS_DIR; };
		B3F71AB418F5591400F81BD2 /* Foundation.framework */ = {isa = PBXFileReference; lastKnownFileType = wrapper.framework; name = Foundation.framework; path = System/Library/Frameworks/Foundation.framework; sourceTree = SDKROOT; };
		B3F71AB618F5591400F81BD2 /* CoreGraphics.framework */ = {isa = PBXFileReference; lastKnownFileType = wrapper.framework; name = CoreGraphics.framework; path = System/Library/Frameworks/CoreGraphics.framework; sourceTree = SDKROOT; };
		B3F71AB818F5591400F81BD2 /* UIKit.framework */ = {isa = PBXFileReference; lastKnownFileType = wrapper.framework; name = UIKit.framework; path = System/Library/Frameworks/UIKit.framework; sourceTree = SDKROOT; };
		B3F71ABC18F5591400F81BD2 /* BBInputBar-Info.plist */ = {isa = PBXFileReference; lastKnownFileType = text.plist.xml; path = "BBInputBar-Info.plist"; sourceTree = "<group>"; };
		B3F71ABE18F5591400F81BD2 /* en */ = {isa = PBXFileReference; lastKnownFileType = text.plist.strings; name = en; path = en.lproj/InfoPlist.strings; sourceTree = "<group>"; };
		B3F71AC018F5591400F81BD2 /* main.m */ = {isa = PBXFileReference; lastKnownFileType = sourcecode.c.objc; path = main.m; sourceTree = "<group>"; };
		B3F71AC218F5591400F81BD2 /* BBInputBar-Prefix.pch */ = {isa = PBXFileReference; lastKnownFileType = sourcecode.c.h; path = "BBInputBar-Prefix.pch"; sourceTree = "<group>"; };
		B3F71AC318F5591400F81BD2 /* BBAppDelegate.h */ = {isa = PBXFileReference; lastKnownFileType = sourcecode.c.h; path = BBAppDelegate.h; sourceTree = "<group>"; };
		B3F71AC418F5591400F81BD2 /* BBAppDelegate.m */ = {isa = PBXFileReference; lastKnownFileType = sourcecode.c.objc; path = BBAppDelegate.m; sourceTree = "<group>"; };
		B3F71AC718F5591400F81BD2 /* Base */ = {isa = PBXFileReference; lastKnownFileType = file.storyboard; name = Base; path = Base.lproj/Main_iPhone.storyboard; sourceTree = "<group>"; };
		B3F71ACA18F5591400F81BD2 /* Base */ = {isa = PBXFileReference; lastKnownFileType = file.storyboard; name = Base; path = Base.lproj/Main_iPad.storyboard; sourceTree = "<group>"; };
		B3F71ACC18F5591400F81BD2 /* BBViewController.h */ = {isa = PBXFileReference; lastKnownFileType = sourcecode.c.h; path = BBViewController.h; sourceTree = "<group>"; };
		B3F71ACD18F5591400F81BD2 /* BBViewController.m */ = {isa = PBXFileReference; lastKnownFileType = sourcecode.c.objc; path = BBViewController.m; sourceTree = "<group>"; };
		B3F71ACF18F5591400F81BD2 /* Images.xcassets */ = {isa = PBXFileReference; lastKnownFileType = folder.assetcatalog; path = Images.xcassets; sourceTree = "<group>"; };
		B3F71AD518F5591500F81BD2 /* BBInputBarTests.xctest */ = {isa = PBXFileReference; explicitFileType = wrapper.cfbundle; includeInIndex = 0; path = BBInputBarTests.xctest; sourceTree = BUILT_PRODUCTS_DIR; };
		B3F71AD618F5591500F81BD2 /* XCTest.framework */ = {isa = PBXFileReference; lastKnownFileType = wrapper.framework; name = XCTest.framework; path = Library/Frameworks/XCTest.framework; sourceTree = DEVELOPER_DIR; };
		B3F71ADE18F5591500F81BD2 /* BBInputBarTests-Info.plist */ = {isa = PBXFileReference; lastKnownFileType = text.plist.xml; path = "BBInputBarTests-Info.plist"; sourceTree = "<group>"; };
		B3F71AE018F5591500F81BD2 /* en */ = {isa = PBXFileReference; lastKnownFileType = text.plist.strings; name = en; path = en.lproj/InfoPlist.strings; sourceTree = "<group>"; };
		B3F71AE218F5591500F81BD2 /* BBInputBarTests.m */ = {isa = PBXFileReference; lastKnownFileType = sourcecode.c.objc; path = BBInputBarTests.m; sourceTree = "<group>"; };
		B3F71AED18F55ACE00F81BD2 /* BBInputBar.h */ = {isa = PBXFileReference; fileEncoding = 4; lastKnownFileType = sourcecode.c.h; path = BBInputBar.h; sourceTree = "<group>"; };
		B3F71AEE18F55ACE00F81BD2 /* BBInputBar.m */ = {isa = PBXFileReference; fileEncoding = 4; lastKnownFileType = sourcecode.c.objc; path = BBInputBar.m; sourceTree = "<group>"; };
		B3FC8C8419112ADC009821B5 /* test.png */ = {isa = PBXFileReference; lastKnownFileType = image.png; path = test.png; sourceTree = "<group>"; };
/* End PBXFileReference section */

/* Begin PBXFrameworksBuildPhase section */
		B3F71AAE18F5591400F81BD2 /* Frameworks */ = {
			isa = PBXFrameworksBuildPhase;
			buildActionMask = 2147483647;
			files = (
				B3F71AB718F5591400F81BD2 /* CoreGraphics.framework in Frameworks */,
				B3F71AB918F5591400F81BD2 /* UIKit.framework in Frameworks */,
				B3F71AB518F5591400F81BD2 /* Foundation.framework in Frameworks */,
			);
			runOnlyForDeploymentPostprocessing = 0;
		};
		B3F71AD218F5591500F81BD2 /* Frameworks */ = {
			isa = PBXFrameworksBuildPhase;
			buildActionMask = 2147483647;
			files = (
				B3F71AD718F5591500F81BD2 /* XCTest.framework in Frameworks */,
				B3F71AD918F5591500F81BD2 /* UIKit.framework in Frameworks */,
				B3F71AD818F5591500F81BD2 /* Foundation.framework in Frameworks */,
			);
			runOnlyForDeploymentPostprocessing = 0;
		};
/* End PBXFrameworksBuildPhase section */

/* Begin PBXGroup section */
		B3F71AA818F5591400F81BD2 = {
			isa = PBXGroup;
			children = (
				B3F71ABA18F5591400F81BD2 /* BBInputBar */,
				B3F71ADC18F5591500F81BD2 /* BBInputBarTests */,
				B3F71AB318F5591400F81BD2 /* Frameworks */,
				B3F71AB218F5591400F81BD2 /* Products */,
			);
			sourceTree = "<group>";
		};
		B3F71AB218F5591400F81BD2 /* Products */ = {
			isa = PBXGroup;
			children = (
				B3F71AB118F5591400F81BD2 /* BBInputBar.app */,
				B3F71AD518F5591500F81BD2 /* BBInputBarTests.xctest */,
			);
			name = Products;
			sourceTree = "<group>";
		};
		B3F71AB318F5591400F81BD2 /* Frameworks */ = {
			isa = PBXGroup;
			children = (
				B3F71AB418F5591400F81BD2 /* Foundation.framework */,
				B3F71AB618F5591400F81BD2 /* CoreGraphics.framework */,
				B3F71AB818F5591400F81BD2 /* UIKit.framework */,
				B3F71AD618F5591500F81BD2 /* XCTest.framework */,
			);
			name = Frameworks;
			sourceTree = "<group>";
		};
		B3F71ABA18F5591400F81BD2 /* BBInputBar */ = {
			isa = PBXGroup;
			children = (
				B3F71AC318F5591400F81BD2 /* BBAppDelegate.h */,
				B3F71AC418F5591400F81BD2 /* BBAppDelegate.m */,
				B3F71AEC18F55AB400F81BD2 /* BBInputBar */,
				B3F71ACC18F5591400F81BD2 /* BBViewController.h */,
				B3F71ACD18F5591400F81BD2 /* BBViewController.m */,
				B3F71ACF18F5591400F81BD2 /* Images.xcassets */,
				B3F71AC918F5591400F81BD2 /* Main_iPad.storyboard */,
				B3F71AC618F5591400F81BD2 /* Main_iPhone.storyboard */,
				B3F71ABB18F5591400F81BD2 /* Supporting Files */,
			);
			path = BBInputBar;
			sourceTree = "<group>";
		};
		B3F71ABB18F5591400F81BD2 /* Supporting Files */ = {
			isa = PBXGroup;
			children = (
				B3F71ABC18F5591400F81BD2 /* BBInputBar-Info.plist */,
				B3F71ABD18F5591400F81BD2 /* InfoPlist.strings */,
				B3F71AC018F5591400F81BD2 /* main.m */,
				B3F71AC218F5591400F81BD2 /* BBInputBar-Prefix.pch */,
			);
			name = "Supporting Files";
			sourceTree = "<group>";
		};
		B3F71ADC18F5591500F81BD2 /* BBInputBarTests */ = {
			isa = PBXGroup;
			children = (
				B3F71AE218F5591500F81BD2 /* BBInputBarTests.m */,
				B3F71ADD18F5591500F81BD2 /* Supporting Files */,
			);
			path = BBInputBarTests;
			sourceTree = "<group>";
		};
		B3F71ADD18F5591500F81BD2 /* Supporting Files */ = {
			isa = PBXGroup;
			children = (
				B3F71ADE18F5591500F81BD2 /* BBInputBarTests-Info.plist */,
				B3F71ADF18F5591500F81BD2 /* InfoPlist.strings */,
			);
			name = "Supporting Files";
			sourceTree = "<group>";
		};
		B3F71AEC18F55AB400F81BD2 /* BBInputBar */ = {
			isa = PBXGroup;
			children = (
				B3FC8C8419112ADC009821B5 /* test.png */,
				B3F71AED18F55ACE00F81BD2 /* BBInputBar.h */,
				B3F71AEE18F55ACE00F81BD2 /* BBInputBar.m */,
				B3D62A2018F7D7E50077BAB3 /* BBInputBarButton.h */,
				B3D62A2118F7D7E50077BAB3 /* BBInputBarButton.m */,
				B3E308FD18F935270086CB11 /* KeyboardButtonImages.xcassets */,
			);
			name = BBInputBar;
			sourceTree = "<group>";
		};
/* End PBXGroup section */

/* Begin PBXNativeTarget section */
		B3F71AB018F5591400F81BD2 /* BBInputBar */ = {
			isa = PBXNativeTarget;
			buildConfigurationList = B3F71AE618F5591500F81BD2 /* Build configuration list for PBXNativeTarget "BBInputBar" */;
			buildPhases = (
				B3F71AAD18F5591400F81BD2 /* Sources */,
				B3F71AAE18F5591400F81BD2 /* Frameworks */,
				B3F71AAF18F5591400F81BD2 /* Resources */,
			);
			buildRules = (
			);
			dependencies = (
			);
			name = BBInputBar;
			productName = BBInputBar;
			productReference = B3F71AB118F5591400F81BD2 /* BBInputBar.app */;
			productType = "com.apple.product-type.application";
		};
		B3F71AD418F5591500F81BD2 /* BBInputBarTests */ = {
			isa = PBXNativeTarget;
			buildConfigurationList = B3F71AE918F5591500F81BD2 /* Build configuration list for PBXNativeTarget "BBInputBarTests" */;
			buildPhases = (
				B3F71AD118F5591500F81BD2 /* Sources */,
				B3F71AD218F5591500F81BD2 /* Frameworks */,
				B3F71AD318F5591500F81BD2 /* Resources */,
			);
			buildRules = (
			);
			dependencies = (
				B3F71ADB18F5591500F81BD2 /* PBXTargetDependency */,
			);
			name = BBInputBarTests;
			productName = BBInputBarTests;
			productReference = B3F71AD518F5591500F81BD2 /* BBInputBarTests.xctest */;
			productType = "com.apple.product-type.bundle.unit-test";
		};
/* End PBXNativeTarget section */

/* Begin PBXProject section */
		B3F71AA918F5591400F81BD2 /* Project object */ = {
			isa = PBXProject;
			attributes = {
				CLASSPREFIX = BB;
				LastUpgradeCheck = 0510;
				TargetAttributes = {
					B3F71AD418F5591500F81BD2 = {
						TestTargetID = B3F71AB018F5591400F81BD2;
					};
				};
			};
			buildConfigurationList = B3F71AAC18F5591400F81BD2 /* Build configuration list for PBXProject "BBInputBar" */;
			compatibilityVersion = "Xcode 3.2";
			developmentRegion = English;
			hasScannedForEncodings = 0;
			knownRegions = (
				en,
				Base,
			);
			mainGroup = B3F71AA818F5591400F81BD2;
			productRefGroup = B3F71AB218F5591400F81BD2 /* Products */;
			projectDirPath = "";
			projectRoot = "";
			targets = (
				B3F71AB018F5591400F81BD2 /* BBInputBar */,
				B3F71AD418F5591500F81BD2 /* BBInputBarTests */,
			);
		};
/* End PBXProject section */

/* Begin PBXResourcesBuildPhase section */
		B3F71AAF18F5591400F81BD2 /* Resources */ = {
			isa = PBXResourcesBuildPhase;
			buildActionMask = 2147483647;
			files = (
				B3F71ACB18F5591400F81BD2 /* Main_iPad.storyboard in Resources */,
				B3F71AD018F5591400F81BD2 /* Images.xcassets in Resources */,
				B3F71AC818F5591400F81BD2 /* Main_iPhone.storyboard in Resources */,
				B3F71ABF18F5591400F81BD2 /* InfoPlist.strings in Resources */,
				B3FC8C8519112ADC009821B5 /* test.png in Resources */,
				B3E308FE18F935270086CB11 /* KeyboardButtonImages.xcassets in Resources */,
			);
			runOnlyForDeploymentPostprocessing = 0;
		};
		B3F71AD318F5591500F81BD2 /* Resources */ = {
			isa = PBXResourcesBuildPhase;
			buildActionMask = 2147483647;
			files = (
				B3F71AE118F5591500F81BD2 /* InfoPlist.strings in Resources */,
			);
			runOnlyForDeploymentPostprocessing = 0;
		};
/* End PBXResourcesBuildPhase section */

/* Begin PBXSourcesBuildPhase section */
		B3F71AAD18F5591400F81BD2 /* Sources */ = {
			isa = PBXSourcesBuildPhase;
			buildActionMask = 2147483647;
			files = (
				B3F71ACE18F5591400F81BD2 /* BBViewController.m in Sources */,
				B3D62A2218F7D7E50077BAB3 /* BBInputBarButton.m in Sources */,
				B3F71AC518F5591400F81BD2 /* BBAppDelegate.m in Sources */,
				B3F71AEF18F55ACE00F81BD2 /* BBInputBar.m in Sources */,
				B3F71AC118F5591400F81BD2 /* main.m in Sources */,
			);
			runOnlyForDeploymentPostprocessing = 0;
		};
		B3F71AD118F5591500F81BD2 /* Sources */ = {
			isa = PBXSourcesBuildPhase;
			buildActionMask = 2147483647;
			files = (
				B3F71AE318F5591500F81BD2 /* BBInputBarTests.m in Sources */,
			);
			runOnlyForDeploymentPostprocessing = 0;
		};
/* End PBXSourcesBuildPhase section */

/* Begin PBXTargetDependency section */
		B3F71ADB18F5591500F81BD2 /* PBXTargetDependency */ = {
			isa = PBXTargetDependency;
			target = B3F71AB018F5591400F81BD2 /* BBInputBar */;
			targetProxy = B3F71ADA18F5591500F81BD2 /* PBXContainerItemProxy */;
		};
/* End PBXTargetDependency section */

/* Begin PBXVariantGroup section */
		B3F71ABD18F5591400F81BD2 /* InfoPlist.strings */ = {
			isa = PBXVariantGroup;
			children = (
				B3F71ABE18F5591400F81BD2 /* en */,
			);
			name = InfoPlist.strings;
			sourceTree = "<group>";
		};
		B3F71AC618F5591400F81BD2 /* Main_iPhone.storyboard */ = {
			isa = PBXVariantGroup;
			children = (
				B3F71AC718F5591400F81BD2 /* Base */,
			);
			name = Main_iPhone.storyboard;
			sourceTree = "<group>";
		};
		B3F71AC918F5591400F81BD2 /* Main_iPad.storyboard */ = {
			isa = PBXVariantGroup;
			children = (
				B3F71ACA18F5591400F81BD2 /* Base */,
			);
			name = Main_iPad.storyboard;
			sourceTree = "<group>";
		};
		B3F71ADF18F5591500F81BD2 /* InfoPlist.strings */ = {
			isa = PBXVariantGroup;
			children = (
				B3F71AE018F5591500F81BD2 /* en */,
			);
			name = InfoPlist.strings;
			sourceTree = "<group>";
		};
/* End PBXVariantGroup section */

/* Begin XCBuildConfiguration section */
		B3F71AE418F5591500F81BD2 /* Debug */ = {
			isa = XCBuildConfiguration;
			buildSettings = {
				ALWAYS_SEARCH_USER_PATHS = NO;
				CLANG_CXX_LANGUAGE_STANDARD = "gnu++0x";
				CLANG_CXX_LIBRARY = "libc++";
				CLANG_ENABLE_MODULES = YES;
				CLANG_ENABLE_OBJC_ARC = YES;
				CLANG_WARN_BOOL_CONVERSION = YES;
				CLANG_WARN_CONSTANT_CONVERSION = YES;
				CLANG_WARN_DIRECT_OBJC_ISA_USAGE = YES_ERROR;
				CLANG_WARN_EMPTY_BODY = YES;
				CLANG_WARN_ENUM_CONVERSION = YES;
				CLANG_WARN_INT_CONVERSION = YES;
				CLANG_WARN_OBJC_ROOT_CLASS = YES_ERROR;
				CLANG_WARN__DUPLICATE_METHOD_MATCH = YES;
				"CODE_SIGN_IDENTITY[sdk=iphoneos*]" = "iPhone Developer";
				COPY_PHASE_STRIP = NO;
				GCC_C_LANGUAGE_STANDARD = gnu99;
				GCC_DYNAMIC_NO_PIC = NO;
				GCC_OPTIMIZATION_LEVEL = 0;
				GCC_PREPROCESSOR_DEFINITIONS = (
					"DEBUG=1",
					"$(inherited)",
				);
				GCC_SYMBOLS_PRIVATE_EXTERN = NO;
				GCC_WARN_64_TO_32_BIT_CONVERSION = YES;
				GCC_WARN_ABOUT_RETURN_TYPE = YES_ERROR;
				GCC_WARN_UNDECLARED_SELECTOR = YES;
				GCC_WARN_UNINITIALIZED_AUTOS = YES_AGGRESSIVE;
				GCC_WARN_UNUSED_FUNCTION = YES;
				GCC_WARN_UNUSED_VARIABLE = YES;
				IPHONEOS_DEPLOYMENT_TARGET = 7.1;
				ONLY_ACTIVE_ARCH = YES;
				SDKROOT = iphoneos;
				TARGETED_DEVICE_FAMILY = "1,2";
			};
			name = Debug;
		};
		B3F71AE518F5591500F81BD2 /* Release */ = {
			isa = XCBuildConfiguration;
			buildSettings = {
				ALWAYS_SEARCH_USER_PATHS = NO;
				CLANG_CXX_LANGUAGE_STANDARD = "gnu++0x";
				CLANG_CXX_LIBRARY = "libc++";
				CLANG_ENABLE_MODULES = YES;
				CLANG_ENABLE_OBJC_ARC = YES;
				CLANG_WARN_BOOL_CONVERSION = YES;
				CLANG_WARN_CONSTANT_CONVERSION = YES;
				CLANG_WARN_DIRECT_OBJC_ISA_USAGE = YES_ERROR;
				CLANG_WARN_EMPTY_BODY = YES;
				CLANG_WARN_ENUM_CONVERSION = YES;
				CLANG_WARN_INT_CONVERSION = YES;
				CLANG_WARN_OBJC_ROOT_CLASS = YES_ERROR;
				CLANG_WARN__DUPLICATE_METHOD_MATCH = YES;
				"CODE_SIGN_IDENTITY[sdk=iphoneos*]" = "iPhone Developer";
				COPY_PHASE_STRIP = YES;
				ENABLE_NS_ASSERTIONS = NO;
				GCC_C_LANGUAGE_STANDARD = gnu99;
				GCC_WARN_64_TO_32_BIT_CONVERSION = YES;
				GCC_WARN_ABOUT_RETURN_TYPE = YES_ERROR;
				GCC_WARN_UNDECLARED_SELECTOR = YES;
				GCC_WARN_UNINITIALIZED_AUTOS = YES_AGGRESSIVE;
				GCC_WARN_UNUSED_FUNCTION = YES;
				GCC_WARN_UNUSED_VARIABLE = YES;
				IPHONEOS_DEPLOYMENT_TARGET = 7.1;
				SDKROOT = iphoneos;
				TARGETED_DEVICE_FAMILY = "1,2";
				VALIDATE_PRODUCT = YES;
			};
			name = Release;
		};
		B3F71AE718F5591500F81BD2 /* Debug */ = {
			isa = XCBuildConfiguration;
			buildSettings = {
				ASSETCATALOG_COMPILER_APPICON_NAME = AppIcon;
				ASSETCATALOG_COMPILER_LAUNCHIMAGE_NAME = LaunchImage;
				GCC_PRECOMPILE_PREFIX_HEADER = YES;
				GCC_PREFIX_HEADER = "BBInputBar/BBInputBar-Prefix.pch";
				INFOPLIST_FILE = "BBInputBar/BBInputBar-Info.plist";
				PRODUCT_NAME = "$(TARGET_NAME)";
				WRAPPER_EXTENSION = app;
			};
			name = Debug;
		};
		B3F71AE818F5591500F81BD2 /* Release */ = {
			isa = XCBuildConfiguration;
			buildSettings = {
				ASSETCATALOG_COMPILER_APPICON_NAME = AppIcon;
				ASSETCATALOG_COMPILER_LAUNCHIMAGE_NAME = LaunchImage;
				GCC_PRECOMPILE_PREFIX_HEADER = YES;
				GCC_PREFIX_HEADER = "BBInputBar/BBInputBar-Prefix.pch";
				INFOPLIST_FILE = "BBInputBar/BBInputBar-Info.plist";
				PRODUCT_NAME = "$(TARGET_NAME)";
				WRAPPER_EXTENSION = app;
			};
			name = Release;
		};
		B3F71AEA18F5591500F81BD2 /* Debug */ = {
			isa = XCBuildConfiguration;
			buildSettings = {
				BUNDLE_LOADER = "$(BUILT_PRODUCTS_DIR)/BBInputBar.app/BBInputBar";
				FRAMEWORK_SEARCH_PATHS = (
					"$(SDKROOT)/Developer/Library/Frameworks",
					"$(inherited)",
					"$(DEVELOPER_FRAMEWORKS_DIR)",
				);
				GCC_PRECOMPILE_PREFIX_HEADER = YES;
				GCC_PREFIX_HEADER = "BBInputBar/BBInputBar-Prefix.pch";
				GCC_PREPROCESSOR_DEFINITIONS = (
					"DEBUG=1",
					"$(inherited)",
				);
				INFOPLIST_FILE = "BBInputBarTests/BBInputBarTests-Info.plist";
				PRODUCT_NAME = "$(TARGET_NAME)";
				TEST_HOST = "$(BUNDLE_LOADER)";
				WRAPPER_EXTENSION = xctest;
			};
			name = Debug;
		};
		B3F71AEB18F5591500F81BD2 /* Release */ = {
			isa = XCBuildConfiguration;
			buildSettings = {
				BUNDLE_LOADER = "$(BUILT_PRODUCTS_DIR)/BBInputBar.app/BBInputBar";
				FRAMEWORK_SEARCH_PATHS = (
					"$(SDKROOT)/Developer/Library/Frameworks",
					"$(inherited)",
					"$(DEVELOPER_FRAMEWORKS_DIR)",
				);
				GCC_PRECOMPILE_PREFIX_HEADER = YES;
				GCC_PREFIX_HEADER = "BBInputBar/BBInputBar-Prefix.pch";
				INFOPLIST_FILE = "BBInputBarTests/BBInputBarTests-Info.plist";
				PRODUCT_NAME = "$(TARGET_NAME)";
				TEST_HOST = "$(BUNDLE_LOADER)";
				WRAPPER_EXTENSION = xctest;
			};
			name = Release;
		};
/* End XCBuildConfiguration section */

/* Begin XCConfigurationList section */
		B3F71AAC18F5591400F81BD2 /* Build configuration list for PBXProject "BBInputBar" */ = {
			isa = XCConfigurationList;
			buildConfigurations = (
				B3F71AE418F5591500F81BD2 /* Debug */,
				B3F71AE518F5591500F81BD2 /* Release */,
			);
			defaultConfigurationIsVisible = 0;
			defaultConfigurationName = Release;
		};
		B3F71AE618F5591500F81BD2 /* Build configuration list for PBXNativeTarget "BBInputBar" */ = {
			isa = XCConfigurationList;
			buildConfigurations = (
				B3F71AE718F5591500F81BD2 /* Debug */,
				B3F71AE818F5591500F81BD2 /* Release */,
			);
			defaultConfigurationIsVisible = 0;
			defaultConfigurationName = Release;
		};
		B3F71AE918F5591500F81BD2 /* Build configuration list for PBXNativeTarget "BBInputBarTests" */ = {
			isa = XCConfigurationList;
			buildConfigurations = (
				B3F71AEA18F5591500F81BD2 /* Debug */,
				B3F71AEB18F5591500F81BD2 /* Release */,
			);
			defaultConfigurationIsVisible = 0;
			defaultConfigurationName = Release;
		};
/* End XCConfigurationList section */
	};
	rootObject = B3F71AA918F5591400F81BD2 /* Project object */;
}
